
Microsoft Visual Studio Solution File, Format Version 12.00
# Visual Studio Version 17
VisualStudioVersion = 17.14.36915.13 d17.14
MinimumVisualStudioVersion = 10.0.40219.1
Project("{8BC9CEB8-8B4A-11D0-8D11-00A0C91BC942}") = "StudyForC", "StudyForC.vcxproj", "{A78172F5-C1FE-4821-AB7A-56E1264245DA}"
EndProject
Global
	GlobalSection(SolutionConfigurationPlatforms) = preSolution
		Debug|x64 = Debug|x64
		Debug|x86 = Debug|x86
		Release|x64 = Release|x64
		Release|x86 = Release|x86
	EndGlobalSection
	GlobalSection(ProjectConfigurationPlatforms) = postSolution
		{A78172F5-C1FE-4821-AB7A-56E1264245DA}.Debug|x64.ActiveCfg = Debug|x64
		{A78172F5-C1FE-4821-AB7A-56E1264245DA}.Debug|x64.Build.0 = Debug|x64
		{A78172F5-C1FE-4821-AB7A-56E1264245DA}.Debug|x86.ActiveCfg = Debug|Win32
		{A78172F5-C1FE-4821-AB7A-56E1264245DA}.Debug|x86.Build.0 = Debug|Win32
		{A78172F5-C1FE-4821-AB7A-56E1264245DA}.Release|x64.ActiveCfg = Release|x64
		{A78172F5-C1FE-4821-AB7A-56E1264245DA}.Release|x64.Build.0 = Release|x64
		{A78172F5-C1FE-4821-AB7A-56E1264245DA}.Release|x86.ActiveCfg = Release|Win32
		{A78172F5-C1FE-4821-AB7A-56E1264245DA}.Release|x86.Build.0 = Release|Win32
	EndGlobalSection
	GlobalSection(SolutionProperties) = preSolution
		HideSolutionNode = FALSE
	EndGlobalSection
	GlobalSection(ExtensibilityGlobals) = postSolution
		SolutionGuid = {6CE47928-A51E-4ABB-B976-BE8E261C6095}
	EndGlobalSection
EndGlobal
